<?xml version="1.0" encoding="utf-8"?>
<Project ToolsVersion="4.0" xmlns="http://schemas.microsoft.com/developer/msbuild/2003">
  <ItemGroup>
    <Filter Include="소스 파일">
      <UniqueIdentifier>{4FC737F1-C7A5-4376-A066-2A32D752A2FF}</UniqueIdentifier>
      <Extensions>cpp;c;cc;cxx;def;odl;idl;hpj;bat;asm;asmx</Extensions>
    </Filter>
    <Filter Include="헤더 파일">
      <UniqueIdentifier>{93995380-89BD-4b04-88EB-625FBE52EBFB}</UniqueIdentifier>
      <Extensions>h;hh;hpp;hxx;hm;inl;inc;xsd</Extensions>
    </Filter>
    <Filter Include="리소스 파일">
      <UniqueIdentifier>{67DA6AB6-F800-4c08-8B7A-83BB121AAD01}</UniqueIdentifier>
      <Extensions>rc;ico;cur;bmp;dlg;rc2;rct;bin;rgs;gif;jpg;jpeg;jpe;resx;tiff;tif;png;wav;mfcribbon-ms</Extensions>
    </Filter>
    <Filter Include="YOLOv2">
      <UniqueIdentifier>{3412655e-6ce0-4ed2-8f7c-b9d1f9841ea3}</UniqueIdentifier>
    </Filter>
  </ItemGroup>
  <ItemGroup>
    <Text Include="ReadMe.txt" />
  </ItemGroup>
  <ItemGroup>
    <ClInclude Include="TSpring.h">
      <Filter>헤더 파일</Filter>
    </ClInclude>
    <ClInclude Include="stdafx.h">
      <Filter>헤더 파일</Filter>
    </ClInclude>
    <ClInclude Include="targetver.h">
      <Filter>헤더 파일</Filter>
    </ClInclude>
    <ClInclude Include="MainFrm.h">
      <Filter>헤더 파일</Filter>
    </ClInclude>
    <ClInclude Include="Resource.h">
      <Filter>헤더 파일</Filter>
    </ClInclude>
    <ClInclude Include="ListView.h">
      <Filter>헤더 파일</Filter>
    </ClInclude>
    <ClInclude Include="TagView.h">
      <Filter>헤더 파일</Filter>
    </ClInclude>
    <ClInclude Include="ExportView.h">
      <Filter>헤더 파일</Filter>
    </ClInclude>
    <ClInclude Include="repository.h">
      <Filter>헤더 파일</Filter>
    </ClInclude>
    <ClInclude Include="ExportYOLOv2.h">
      <Filter>YOLOv2</Filter>
    </ClInclude>
    <ClInclude Include="cfg_darknet_reference.h">
      <Filter>YOLOv2</Filter>
    </ClInclude>
    <ClInclude Include="cfg_darknet19.h">
      <Filter>YOLOv2</Filter>
    </ClInclude>
    <ClInclude Include="cfg_resnet50.h">
      <Filter>YOLOv2</Filter>
    </ClInclude>
    <ClInclude Include="cfg_densenet201.h">
      <Filter>YOLOv2</Filter>
    </ClInclude>
    <ClInclude Include="gen_anchors.h">
      <Filter>YOLOv2</Filter>
    </ClInclude>
  </ItemGroup>
  <ItemGroup>
    <ClCompile Include="TSpring.cpp">
      <Filter>소스 파일</Filter>
    </ClCompile>
    <ClCompile Include="stdafx.cpp">
      <Filter>소스 파일</Filter>
    </ClCompile>
    <ClCompile Include="MainFrm.cpp">
      <Filter>소스 파일</Filter>
    </ClCompile>
    <ClCompile Include="ListView.cpp">
      <Filter>소스 파일</Filter>
    </ClCompile>
    <ClCompile Include="TagView.cpp">
      <Filter>소스 파일</Filter>
    </ClCompile>
    <ClCompile Include="ExportView.cpp">
      <Filter>소스 파일</Filter>
    </ClCompile>
    <ClCompile Include="ExportYOLOv2.cpp">
      <Filter>YOLOv2</Filter>
    </ClCompile>
  </ItemGroup>
  <ItemGroup>
    <ResourceCompile Include="TSpring.rc">
      <Filter>리소스 파일</Filter>
    </ResourceCompile>
  </ItemGroup>
  <ItemGroup>
    <None Include="res\TSpring.rc2">
      <Filter>리소스 파일</Filter>
    </None>
    <None Include="res\resize179.cur">
      <Filter>리소스 파일</Filter>
    </None>
    <None Include="res\00000432#1.cur">
      <Filter>리소스 파일</Filter>
    </None>
    <None Include="res\cursor\resize_d_000.cur">
      <Filter>리소스 파일</Filter>
    </None>
    <None Include="res\cursor\resize_d_001.cur">
      <Filter>리소스 파일</Filter>
    </None>
    <None Include="res\cursor\resize_d_002.cur">
      <Filter>리소스 파일</Filter>
    </None>
    <None Include="res\cursor\resize_d_003.cur">
      <Filter>리소스 파일</Filter>
    </None>
    <None Include="res\cursor\resize_d_004.cur">
      <Filter>리소스 파일</Filter>
    </None>
    <None Include="res\cursor\resize_d_005.cur">
      <Filter>리소스 파일</Filter>
    </None>
    <None Include="res\cursor\resize_d_006.cur">
      <Filter>리소스 파일</Filter>
    </None>
    <None Include="res\cursor\resize_d_007.cur">
      <Filter>리소스 파일</Filter>
    </None>
    <None Include="res\cursor\resize_d_008.cur">
      <Filter>리소스 파일</Filter>
    </None>
    <None Include="res\cursor\resize_d_009.cur">
      <Filter>리소스 파일</Filter>
    </None>
    <None Include="res\cursor\resize_d_010.cur">
      <Filter>리소스 파일</Filter>
    </None>
    <None Include="res\cursor\resize_d_011.cur">
      <Filter>리소스 파일</Filter>
    </None>
    <None Include="res\cursor\resize_d_012.cur">
      <Filter>리소스 파일</Filter>
    </None>
    <None Include="res\cursor\resize_d_013.cur">
      <Filter>리소스 파일</Filter>
    </None>
    <None Include="res\cursor\resize_d_014.cur">
      <Filter>리소스 파일</Filter>
    </None>
    <None Include="res\cursor\resize_d_015.cur">
      <Filter>리소스 파일</Filter>
    </None>
    <None Include="res\cursor\resize_d_016.cur">
      <Filter>리소스 파일</Filter>
    </None>
    <None Include="res\cursor\resize_d_017.cur">
      <Filter>리소스 파일</Filter>
    </None>
    <None Include="res\cursor\resize_d_018.cur">
      <Filter>리소스 파일</Filter>
    </None>
    <None Include="res\cursor\resize_d_019.cur">
      <Filter>리소스 파일</Filter>
    </None>
    <None Include="res\cursor\resize_d_020.cur">
      <Filter>리소스 파일</Filter>
    </None>
    <None Include="res\cursor\resize_d_021.cur">
      <Filter>리소스 파일</Filter>
    </None>
    <None Include="res\cursor\resize_d_022.cur">
      <Filter>리소스 파일</Filter>
    </None>
    <None Include="res\cursor\resize_d_023.cur">
      <Filter>리소스 파일</Filter>
    </None>
    <None Include="res\cursor\resize_d_024.cur">
      <Filter>리소스 파일</Filter>
    </None>
    <None Include="res\cursor\resize_d_025.cur">
      <Filter>리소스 파일</Filter>
    </None>
    <None Include="res\cursor\resize_d_026.cur">
      <Filter>리소스 파일</Filter>
    </None>
    <None Include="res\cursor\resize_d_027.cur">
      <Filter>리소스 파일</Filter>
    </None>
    <None Include="res\cursor\resize_d_028.cur">
      <Filter>리소스 파일</Filter>
    </None>
    <None Include="res\cursor\resize_d_029.cur">
      <Filter>리소스 파일</Filter>
    </None>
    <None Include="res\cursor\resize_d_030.cur">
      <Filter>리소스 파일</Filter>
    </None>
    <None Include="res\cursor\resize_d_031.cur">
      <Filter>리소스 파일</Filter>
    </None>
    <None Include="res\cursor\resize_d_032.cur">
      <Filter>리소스 파일</Filter>
    </None>
    <None Include="res\cursor\resize_d_033.cur">
      <Filter>리소스 파일</Filter>
    </None>
    <None Include="res\cursor\resize_d_034.cur">
      <Filter>리소스 파일</Filter>
    </None>
    <None Include="res\cursor\resize_d_035.cur">
      <Filter>리소스 파일</Filter>
    </None>
    <None Include="res\cursor\resize_d_036.cur">
      <Filter>리소스 파일</Filter>
    </None>
    <None Include="res\cursor\resize_d_037.cur">
      <Filter>리소스 파일</Filter>
    </None>
    <None Include="res\cursor\resize_d_038.cur">
      <Filter>리소스 파일</Filter>
    </None>
    <None Include="res\cursor\resize_d_039.cur">
      <Filter>리소스 파일</Filter>
    </None>
    <None Include="res\cursor\resize_d_040.cur">
      <Filter>리소스 파일</Filter>
    </None>
    <None Include="res\cursor\resize_d_041.cur">
      <Filter>리소스 파일</Filter>
    </None>
    <None Include="res\cursor\resize_d_042.cur">
      <Filter>리소스 파일</Filter>
    </None>
    <None Include="res\cursor\resize_d_043.cur">
      <Filter>리소스 파일</Filter>
    </None>
    <None Include="res\cursor\resize_d_044.cur">
      <Filter>리소스 파일</Filter>
    </None>
    <None Include="res\cursor\resize_d_045.cur">
      <Filter>리소스 파일</Filter>
    </None>
    <None Include="res\cursor\resize_d_046.cur">
      <Filter>리소스 파일</Filter>
    </None>
    <None Include="res\cursor\resize_d_047.cur">
      <Filter>리소스 파일</Filter>
    </None>
    <None Include="res\cursor\resize_d_048.cur">
      <Filter>리소스 파일</Filter>
    </None>
    <None Include="res\cursor\resize_d_049.cur">
      <Filter>리소스 파일</Filter>
    </None>
    <None Include="res\cursor\resize_d_050.cur">
      <Filter>리소스 파일</Filter>
    </None>
    <None Include="res\cursor\resize_d_051.cur">
      <Filter>리소스 파일</Filter>
    </None>
    <None Include="res\cursor\resize_d_052.cur">
      <Filter>리소스 파일</Filter>
    </None>
    <None Include="res\cursor\resize_d_053.cur">
      <Filter>리소스 파일</Filter>
    </None>
    <None Include="res\cursor\resize_d_054.cur">
      <Filter>리소스 파일</Filter>
    </None>
    <None Include="res\cursor\resize_d_055.cur">
      <Filter>리소스 파일</Filter>
    </None>
    <None Include="res\cursor\resize_d_056.cur">
      <Filter>리소스 파일</Filter>
    </None>
    <None Include="res\cursor\resize_d_057.cur">
      <Filter>리소스 파일</Filter>
    </None>
    <None Include="res\cursor\resize_d_058.cur">
      <Filter>리소스 파일</Filter>
    </None>
    <None Include="res\cursor\resize_d_059.cur">
      <Filter>리소스 파일</Filter>
    </None>
    <None Include="res\cursor\resize_d_060.cur">
      <Filter>리소스 파일</Filter>
    </None>
    <None Include="res\cursor\resize_d_061.cur">
      <Filter>리소스 파일</Filter>
    </None>
    <None Include="res\cursor\resize_d_062.cur">
      <Filter>리소스 파일</Filter>
    </None>
    <None Include="res\cursor\resize_d_063.cur">
      <Filter>리소스 파일</Filter>
    </None>
    <None Include="res\cursor\resize_d_064.cur">
      <Filter>리소스 파일</Filter>
    </None>
    <None Include="res\cursor\resize_d_065.cur">
      <Filter>리소스 파일</Filter>
    </None>
    <None Include="res\cursor\resize_d_066.cur">
      <Filter>리소스 파일</Filter>
    </None>
    <None Include="res\cursor\resize_d_067.cur">
      <Filter>리소스 파일</Filter>
    </None>
    <None Include="res\cursor\resize_d_068.cur">
      <Filter>리소스 파일</Filter>
    </None>
    <None Include="res\cursor\resize_d_069.cur">
      <Filter>리소스 파일</Filter>
    </None>
    <None Include="res\cursor\resize_d_070.cur">
      <Filter>리소스 파일</Filter>
    </None>
    <None Include="res\cursor\resize_d_071.cur">
      <Filter>리소스 파일</Filter>
    </None>
    <None Include="res\cursor\resize_d_072.cur">
      <Filter>리소스 파일</Filter>
    </None>
    <None Include="res\cursor\resize_d_073.cur">
      <Filter>리소스 파일</Filter>
    </None>
    <None Include="res\cursor\resize_d_074.cur">
      <Filter>리소스 파일</Filter>
    </None>
    <None Include="res\cursor\resize_d_075.cur">
      <Filter>리소스 파일</Filter>
    </None>
    <None Include="res\cursor\resize_d_076.cur">
      <Filter>리소스 파일</Filter>
    </None>
    <None Include="res\cursor\resize_d_077.cur">
      <Filter>리소스 파일</Filter>
    </None>
    <None Include="res\cursor\resize_d_078.cur">
      <Filter>리소스 파일</Filter>
    </None>
    <None Include="res\cursor\resize_d_079.cur">
      <Filter>리소스 파일</Filter>
    </None>
    <None Include="res\cursor\resize_d_080.cur">
      <Filter>리소스 파일</Filter>
    </None>
    <None Include="res\cursor\resize_d_081.cur">
      <Filter>리소스 파일</Filter>
    </None>
    <None Include="res\cursor\resize_d_082.cur">
      <Filter>리소스 파일</Filter>
    </None>
    <None Include="res\cursor\resize_d_083.cur">
      <Filter>리소스 파일</Filter>
    </None>
    <None Include="res\cursor\resize_d_084.cur">
      <Filter>리소스 파일</Filter>
    </None>
    <None Include="res\cursor\resize_d_085.cur">
      <Filter>리소스 파일</Filter>
    </None>
    <None Include="res\cursor\resize_d_086.cur">
      <Filter>리소스 파일</Filter>
    </None>
    <None Include="res\cursor\resize_d_087.cur">
      <Filter>리소스 파일</Filter>
    </None>
    <None Include="res\cursor\resize_d_088.cur">
      <Filter>리소스 파일</Filter>
    </None>
    <None Include="res\cursor\resize_d_089.cur">
      <Filter>리소스 파일</Filter>
    </None>
    <None Include="res\cursor\resize_d_090.cur">
      <Filter>리소스 파일</Filter>
    </None>
    <None Include="res\cursor\resize_d_091.cur">
      <Filter>리소스 파일</Filter>
    </None>
    <None Include="res\cursor\resize_d_092.cur">
      <Filter>리소스 파일</Filter>
    </None>
    <None Include="res\cursor\resize_d_093.cur">
      <Filter>리소스 파일</Filter>
    </None>
    <None Include="res\cursor\resize_d_094.cur">
      <Filter>리소스 파일</Filter>
    </None>
    <None Include="res\cursor\resize_d_095.cur">
      <Filter>리소스 파일</Filter>
    </None>
    <None Include="res\cursor\resize_d_096.cur">
      <Filter>리소스 파일</Filter>
    </None>
    <None Include="res\cursor\resize_d_097.cur">
      <Filter>리소스 파일</Filter>
    </None>
    <None Include="res\cursor\resize_d_098.cur">
      <Filter>리소스 파일</Filter>
    </None>
    <None Include="res\cursor\resize_d_099.cur">
      <Filter>리소스 파일</Filter>
    </None>
    <None Include="res\cursor\resize_d_100.cur">
      <Filter>리소스 파일</Filter>
    </None>
    <None Include="res\cursor\resize_d_101.cur">
      <Filter>리소스 파일</Filter>
    </None>
    <None Include="res\cursor\resize_d_102.cur">
      <Filter>리소스 파일</Filter>
    </None>
    <None Include="res\cursor\resize_d_103.cur">
      <Filter>리소스 파일</Filter>
    </None>
    <None Include="res\cursor\resize_d_104.cur">
      <Filter>리소스 파일</Filter>
    </None>
    <None Include="res\cursor\resize_d_105.cur">
      <Filter>리소스 파일</Filter>
    </None>
    <None Include="res\cursor\resize_d_106.cur">
      <Filter>리소스 파일</Filter>
    </None>
    <None Include="res\cursor\resize_d_107.cur">
      <Filter>리소스 파일</Filter>
    </None>
    <None Include="res\cursor\resize_d_108.cur">
      <Filter>리소스 파일</Filter>
    </None>
    <None Include="res\cursor\resize_d_109.cur">
      <Filter>리소스 파일</Filter>
    </None>
    <None Include="res\cursor\resize_d_110.cur">
      <Filter>리소스 파일</Filter>
    </None>
    <None Include="res\cursor\resize_d_111.cur">
      <Filter>리소스 파일</Filter>
    </None>
    <None Include="res\cursor\resize_d_112.cur">
      <Filter>리소스 파일</Filter>
    </None>
    <None Include="res\cursor\resize_d_113.cur">
      <Filter>리소스 파일</Filter>
    </None>
    <None Include="res\cursor\resize_d_114.cur">
      <Filter>리소스 파일</Filter>
    </None>
    <None Include="res\cursor\resize_d_115.cur">
      <Filter>리소스 파일</Filter>
    </None>
    <None Include="res\cursor\resize_d_116.cur">
      <Filter>리소스 파일</Filter>
    </None>
    <None Include="res\cursor\resize_d_117.cur">
      <Filter>리소스 파일</Filter>
    </None>
    <None Include="res\cursor\resize_d_118.cur">
      <Filter>리소스 파일</Filter>
    </None>
    <None Include="res\cursor\resize_d_119.cur">
      <Filter>리소스 파일</Filter>
    </None>
    <None Include="res\cursor\resize_d_120.cur">
      <Filter>리소스 파일</Filter>
    </None>
    <None Include="res\cursor\resize_d_121.cur">
      <Filter>리소스 파일</Filter>
    </None>
    <None Include="res\cursor\resize_d_122.cur">
      <Filter>리소스 파일</Filter>
    </None>
    <None Include="res\cursor\resize_d_123.cur">
      <Filter>리소스 파일</Filter>
    </None>
    <None Include="res\cursor\resize_d_124.cur">
      <Filter>리소스 파일</Filter>
    </None>
    <None Include="res\cursor\resize_d_125.cur">
      <Filter>리소스 파일</Filter>
    </None>
    <None Include="res\cursor\resize_d_126.cur">
      <Filter>리소스 파일</Filter>
    </None>
    <None Include="res\cursor\resize_d_127.cur">
      <Filter>리소스 파일</Filter>
    </None>
    <None Include="res\cursor\resize_d_128.cur">
      <Filter>리소스 파일</Filter>
    </None>
    <None Include="res\cursor\resize_d_129.cur">
      <Filter>리소스 파일</Filter>
    </None>
    <None Include="res\cursor\resize_d_130.cur">
      <Filter>리소스 파일</Filter>
    </None>
    <None Include="res\cursor\resize_d_131.cur">
      <Filter>리소스 파일</Filter>
    </None>
    <None Include="res\cursor\resize_d_132.cur">
      <Filter>리소스 파일</Filter>
    </None>
    <None Include="res\cursor\resize_d_133.cur">
      <Filter>리소스 파일</Filter>
    </None>
    <None Include="res\cursor\resize_d_134.cur">
      <Filter>리소스 파일</Filter>
    </None>
    <None Include="res\cursor\resize_d_135.cur">
      <Filter>리소스 파일</Filter>
    </None>
    <None Include="res\cursor\resize_d_136.cur">
      <Filter>리소스 파일</Filter>
    </None>
    <None Include="res\cursor\resize_d_137.cur">
      <Filter>리소스 파일</Filter>
    </None>
    <None Include="res\cursor\resize_d_138.cur">
      <Filter>리소스 파일</Filter>
    </None>
    <None Include="res\cursor\resize_d_139.cur">
      <Filter>리소스 파일</Filter>
    </None>
    <None Include="res\cursor\resize_d_140.cur">
      <Filter>리소스 파일</Filter>
    </None>
    <None Include="res\cursor\resize_d_141.cur">
      <Filter>리소스 파일</Filter>
    </None>
    <None Include="res\cursor\resize_d_142.cur">
      <Filter>리소스 파일</Filter>
    </None>
    <None Include="res\cursor\resize_d_143.cur">
      <Filter>리소스 파일</Filter>
    </None>
    <None Include="res\cursor\resize_d_144.cur">
      <Filter>리소스 파일</Filter>
    </None>
    <None Include="res\cursor\resize_d_145.cur">
      <Filter>리소스 파일</Filter>
    </None>
    <None Include="res\cursor\resize_d_146.cur">
      <Filter>리소스 파일</Filter>
    </None>
    <None Include="res\cursor\resize_d_147.cur">
      <Filter>리소스 파일</Filter>
    </None>
    <None Include="res\cursor\resize_d_148.cur">
      <Filter>리소스 파일</Filter>
    </None>
    <None Include="res\cursor\resize_d_149.cur">
      <Filter>리소스 파일</Filter>
    </None>
    <None Include="res\cursor\resize_d_150.cur">
      <Filter>리소스 파일</Filter>
    </None>
    <None Include="res\cursor\resize_d_151.cur">
      <Filter>리소스 파일</Filter>
    </None>
    <None Include="res\cursor\resize_d_152.cur">
      <Filter>리소스 파일</Filter>
    </None>
    <None Include="res\cursor\resize_d_153.cur">
      <Filter>리소스 파일</Filter>
    </None>
    <None Include="res\cursor\resize_d_154.cur">
      <Filter>리소스 파일</Filter>
    </None>
    <None Include="res\cursor\resize_d_155.cur">
      <Filter>리소스 파일</Filter>
    </None>
    <None Include="res\cursor\resize_d_156.cur">
      <Filter>리소스 파일</Filter>
    </None>
    <None Include="res\cursor\resize_d_157.cur">
      <Filter>리소스 파일</Filter>
    </None>
    <None Include="res\cursor\resize_d_158.cur">
      <Filter>리소스 파일</Filter>
    </None>
    <None Include="res\cursor\resize_d_159.cur">
      <Filter>리소스 파일</Filter>
    </None>
    <None Include="res\cursor\resize_d_160.cur">
      <Filter>리소스 파일</Filter>
    </None>
    <None Include="res\cursor\resize_d_161.cur">
      <Filter>리소스 파일</Filter>
    </None>
    <None Include="res\cursor\resize_d_162.cur">
      <Filter>리소스 파일</Filter>
    </None>
    <None Include="res\cursor\resize_d_163.cur">
      <Filter>리소스 파일</Filter>
    </None>
    <None Include="res\cursor\resize_d_164.cur">
      <Filter>리소스 파일</Filter>
    </None>
    <None Include="res\cursor\resize_d_165.cur">
      <Filter>리소스 파일</Filter>
    </None>
    <None Include="res\cursor\resize_d_166.cur">
      <Filter>리소스 파일</Filter>
    </None>
    <None Include="res\cursor\resize_d_167.cur">
      <Filter>리소스 파일</Filter>
    </None>
    <None Include="res\cursor\resize_d_168.cur">
      <Filter>리소스 파일</Filter>
    </None>
    <None Include="res\cursor\resize_d_169.cur">
      <Filter>리소스 파일</Filter>
    </None>
    <None Include="res\cursor\resize_d_170.cur">
      <Filter>리소스 파일</Filter>
    </None>
    <None Include="res\cursor\resize_d_171.cur">
      <Filter>리소스 파일</Filter>
    </None>
    <None Include="res\cursor\resize_d_172.cur">
      <Filter>리소스 파일</Filter>
    </None>
    <None Include="res\cursor\resize_d_173.cur">
      <Filter>리소스 파일</Filter>
    </None>
    <None Include="res\cursor\resize_d_174.cur">
      <Filter>리소스 파일</Filter>
    </None>
    <None Include="res\cursor\resize_d_175.cur">
      <Filter>리소스 파일</Filter>
    </None>
    <None Include="res\cursor\resize_d_176.cur">
      <Filter>리소스 파일</Filter>
    </None>
    <None Include="res\cursor\resize_d_177.cur">
      <Filter>리소스 파일</Filter>
    </None>
    <None Include="res\cursor\resize_d_178.cur">
      <Filter>리소스 파일</Filter>
    </None>
    <None Include="res\cursor\resize_d_179.cur">
      <Filter>리소스 파일</Filter>
    </None>
    <None Include="res\cursor\resize_000.cur">
      <Filter>리소스 파일</Filter>
    </None>
    <None Include="res\cursor\resize_001.cur">
      <Filter>리소스 파일</Filter>
    </None>
    <None Include="res\cursor\resize_002.cur">
      <Filter>리소스 파일</Filter>
    </None>
    <None Include="res\cursor\resize_003.cur">
      <Filter>리소스 파일</Filter>
    </None>
    <None Include="res\cursor\resize_004.cur">
      <Filter>리소스 파일</Filter>
    </None>
    <None Include="res\cursor\resize_005.cur">
      <Filter>리소스 파일</Filter>
    </None>
    <None Include="res\cursor\resize_006.cur">
      <Filter>리소스 파일</Filter>
    </None>
    <None Include="res\cursor\resize_007.cur">
      <Filter>리소스 파일</Filter>
    </None>
    <None Include="res\cursor\resize_008.cur">
      <Filter>리소스 파일</Filter>
    </None>
    <None Include="res\cursor\resize_009.cur">
      <Filter>리소스 파일</Filter>
    </None>
    <None Include="res\cursor\resize_010.cur">
      <Filter>리소스 파일</Filter>
    </None>
    <None Include="res\cursor\resize_011.cur">
      <Filter>리소스 파일</Filter>
    </None>
    <None Include="res\cursor\resize_012.cur">
      <Filter>리소스 파일</Filter>
    </None>
    <None Include="res\cursor\resize_013.cur">
      <Filter>리소스 파일</Filter>
    </None>
    <None Include="res\cursor\resize_014.cur">
      <Filter>리소스 파일</Filter>
    </None>
    <None Include="res\cursor\resize_015.cur">
      <Filter>리소스 파일</Filter>
    </None>
    <None Include="res\cursor\resize_016.cur">
      <Filter>리소스 파일</Filter>
    </None>
    <None Include="res\cursor\resize_017.cur">
      <Filter>리소스 파일</Filter>
    </None>
    <None Include="res\cursor\resize_018.cur">
      <Filter>리소스 파일</Filter>
    </None>
    <None Include="res\cursor\resize_019.cur">
      <Filter>리소스 파일</Filter>
    </None>
    <None Include="res\cursor\resize_020.cur">
      <Filter>리소스 파일</Filter>
    </None>
    <None Include="res\cursor\resize_021.cur">
      <Filter>리소스 파일</Filter>
    </None>
    <None Include="res\cursor\resize_022.cur">
      <Filter>리소스 파일</Filter>
    </None>
    <None Include="res\cursor\resize_023.cur">
      <Filter>리소스 파일</Filter>
    </None>
    <None Include="res\cursor\resize_024.cur">
      <Filter>리소스 파일</Filter>
    </None>
    <None Include="res\cursor\resize_025.cur">
      <Filter>리소스 파일</Filter>
    </None>
    <None Include="res\cursor\resize_026.cur">
      <Filter>리소스 파일</Filter>
    </None>
    <None Include="res\cursor\resize_027.cur">
      <Filter>리소스 파일</Filter>
    </None>
    <None Include="res\cursor\resize_028.cur">
      <Filter>리소스 파일</Filter>
    </None>
    <None Include="res\cursor\resize_029.cur">
      <Filter>리소스 파일</Filter>
    </None>
    <None Include="res\cursor\resize_030.cur">
      <Filter>리소스 파일</Filter>
    </None>
    <None Include="res\cursor\resize_031.cur">
      <Filter>리소스 파일</Filter>
    </None>
    <None Include="res\cursor\resize_032.cur">
      <Filter>리소스 파일</Filter>
    </None>
    <None Include="res\cursor\resize_033.cur">
      <Filter>리소스 파일</Filter>
    </None>
    <None Include="res\cursor\resize_034.cur">
      <Filter>리소스 파일</Filter>
    </None>
    <None Include="res\cursor\resize_035.cur">
      <Filter>리소스 파일</Filter>
    </None>
    <None Include="res\cursor\resize_036.cur">
      <Filter>리소스 파일</Filter>
    </None>
    <None Include="res\cursor\resize_037.cur">
      <Filter>리소스 파일</Filter>
    </None>
    <None Include="res\cursor\resize_038.cur">
      <Filter>리소스 파일</Filter>
    </None>
    <None Include="res\cursor\resize_039.cur">
      <Filter>리소스 파일</Filter>
    </None>
    <None Include="res\cursor\resize_040.cur">
      <Filter>리소스 파일</Filter>
    </None>
    <None Include="res\cursor\resize_041.cur">
      <Filter>리소스 파일</Filter>
    </None>
    <None Include="res\cursor\resize_042.cur">
      <Filter>리소스 파일</Filter>
    </None>
    <None Include="res\cursor\resize_043.cur">
      <Filter>리소스 파일</Filter>
    </None>
    <None Include="res\cursor\resize_044.cur">
      <Filter>리소스 파일</Filter>
    </None>
    <None Include="res\cursor\resize_045.cur">
      <Filter>리소스 파일</Filter>
    </None>
    <None Include="res\cursor\resize_046.cur">
      <Filter>리소스 파일</Filter>
    </None>
    <None Include="res\cursor\resize_047.cur">
      <Filter>리소스 파일</Filter>
    </None>
    <None Include="res\cursor\resize_048.cur">
      <Filter>리소스 파일</Filter>
    </None>
    <None Include="res\cursor\resize_049.cur">
      <Filter>리소스 파일</Filter>
    </None>
    <None Include="res\cursor\resize_050.cur">
      <Filter>리소스 파일</Filter>
    </None>
    <None Include="res\cursor\resize_051.cur">
      <Filter>리소스 파일</Filter>
    </None>
    <None Include="res\cursor\resize_052.cur">
      <Filter>리소스 파일</Filter>
    </None>
    <None Include="res\cursor\resize_053.cur">
      <Filter>리소스 파일</Filter>
    </None>
    <None Include="res\cursor\resize_054.cur">
      <Filter>리소스 파일</Filter>
    </None>
    <None Include="res\cursor\resize_055.cur">
      <Filter>리소스 파일</Filter>
    </None>
    <None Include="res\cursor\resize_056.cur">
      <Filter>리소스 파일</Filter>
    </None>
    <None Include="res\cursor\resize_057.cur">
      <Filter>리소스 파일</Filter>
    </None>
    <None Include="res\cursor\resize_058.cur">
      <Filter>리소스 파일</Filter>
    </None>
    <None Include="res\cursor\resize_059.cur">
      <Filter>리소스 파일</Filter>
    </None>
    <None Include="res\cursor\resize_060.cur">
      <Filter>리소스 파일</Filter>
    </None>
    <None Include="res\cursor\resize_061.cur">
      <Filter>리소스 파일</Filter>
    </None>
    <None Include="res\cursor\resize_062.cur">
      <Filter>리소스 파일</Filter>
    </None>
    <None Include="res\cursor\resize_063.cur">
      <Filter>리소스 파일</Filter>
    </None>
    <None Include="res\cursor\resize_064.cur">
      <Filter>리소스 파일</Filter>
    </None>
    <None Include="res\cursor\resize_065.cur">
      <Filter>리소스 파일</Filter>
    </None>
    <None Include="res\cursor\resize_066.cur">
      <Filter>리소스 파일</Filter>
    </None>
    <None Include="res\cursor\resize_067.cur">
      <Filter>리소스 파일</Filter>
    </None>
    <None Include="res\cursor\resize_068.cur">
      <Filter>리소스 파일</Filter>
    </None>
    <None Include="res\cursor\resize_069.cur">
      <Filter>리소스 파일</Filter>
    </None>
    <None Include="res\cursor\resize_070.cur">
      <Filter>리소스 파일</Filter>
    </None>
    <None Include="res\cursor\resize_071.cur">
      <Filter>리소스 파일</Filter>
    </None>
    <None Include="res\cursor\resize_072.cur">
      <Filter>리소스 파일</Filter>
    </None>
    <None Include="res\cursor\resize_073.cur">
      <Filter>리소스 파일</Filter>
    </None>
    <None Include="res\cursor\resize_074.cur">
      <Filter>리소스 파일</Filter>
    </None>
    <None Include="res\cursor\resize_075.cur">
      <Filter>리소스 파일</Filter>
    </None>
    <None Include="res\cursor\resize_076.cur">
      <Filter>리소스 파일</Filter>
    </None>
    <None Include="res\cursor\resize_077.cur">
      <Filter>리소스 파일</Filter>
    </None>
    <None Include="res\cursor\resize_078.cur">
      <Filter>리소스 파일</Filter>
    </None>
    <None Include="res\cursor\resize_079.cur">
      <Filter>리소스 파일</Filter>
    </None>
    <None Include="res\cursor\resize_080.cur">
      <Filter>리소스 파일</Filter>
    </None>
    <None Include="res\cursor\resize_081.cur">
      <Filter>리소스 파일</Filter>
    </None>
    <None Include="res\cursor\resize_082.cur">
      <Filter>리소스 파일</Filter>
    </None>
    <None Include="res\cursor\resize_083.cur">
      <Filter>리소스 파일</Filter>
    </None>
    <None Include="res\cursor\resize_084.cur">
      <Filter>리소스 파일</Filter>
    </None>
    <None Include="res\cursor\resize_085.cur">
      <Filter>리소스 파일</Filter>
    </None>
    <None Include="res\cursor\resize_086.cur">
      <Filter>리소스 파일</Filter>
    </None>
    <None Include="res\cursor\resize_087.cur">
      <Filter>리소스 파일</Filter>
    </None>
    <None Include="res\cursor\resize_088.cur">
      <Filter>리소스 파일</Filter>
    </None>
    <None Include="res\cursor\resize_089.cur">
      <Filter>리소스 파일</Filter>
    </None>
    <None Include="res\cursor\resize_090.cur">
      <Filter>리소스 파일</Filter>
    </None>
    <None Include="res\cursor\resize_091.cur">
      <Filter>리소스 파일</Filter>
    </None>
    <None Include="res\cursor\resize_092.cur">
      <Filter>리소스 파일</Filter>
    </None>
    <None Include="res\cursor\resize_093.cur">
      <Filter>리소스 파일</Filter>
    </None>
    <None Include="res\cursor\resize_094.cur">
      <Filter>리소스 파일</Filter>
    </None>
    <None Include="res\cursor\resize_095.cur">
      <Filter>리소스 파일</Filter>
    </None>
    <None Include="res\cursor\resize_096.cur">
      <Filter>리소스 파일</Filter>
    </None>
    <None Include="res\cursor\resize_097.cur">
      <Filter>리소스 파일</Filter>
    </None>
    <None Include="res\cursor\resize_098.cur">
      <Filter>리소스 파일</Filter>
    </None>
    <None Include="res\cursor\resize_099.cur">
      <Filter>리소스 파일</Filter>
    </None>
    <None Include="res\cursor\resize_100.cur">
      <Filter>리소스 파일</Filter>
    </None>
    <None Include="res\cursor\resize_101.cur">
      <Filter>리소스 파일</Filter>
    </None>
    <None Include="res\cursor\resize_102.cur">
      <Filter>리소스 파일</Filter>
    </None>
    <None Include="res\cursor\resize_103.cur">
      <Filter>리소스 파일</Filter>
    </None>
    <None Include="res\cursor\resize_104.cur">
      <Filter>리소스 파일</Filter>
    </None>
    <None Include="res\cursor\resize_105.cur">
      <Filter>리소스 파일</Filter>
    </None>
    <None Include="res\cursor\resize_106.cur">
      <Filter>리소스 파일</Filter>
    </None>
    <None Include="res\cursor\resize_107.cur">
      <Filter>리소스 파일</Filter>
    </None>
    <None Include="res\cursor\resize_108.cur">
      <Filter>리소스 파일</Filter>
    </None>
    <None Include="res\cursor\resize_109.cur">
      <Filter>리소스 파일</Filter>
    </None>
    <None Include="res\cursor\resize_110.cur">
      <Filter>리소스 파일</Filter>
    </None>
    <None Include="res\cursor\resize_111.cur">
      <Filter>리소스 파일</Filter>
    </None>
    <None Include="res\cursor\resize_112.cur">
      <Filter>리소스 파일</Filter>
    </None>
    <None Include="res\cursor\resize_113.cur">
      <Filter>리소스 파일</Filter>
    </None>
    <None Include="res\cursor\resize_114.cur">
      <Filter>리소스 파일</Filter>
    </None>
    <None Include="res\cursor\resize_115.cur">
      <Filter>리소스 파일</Filter>
    </None>
    <None Include="res\cursor\resize_116.cur">
      <Filter>리소스 파일</Filter>
    </None>
    <None Include="res\cursor\resize_117.cur">
      <Filter>리소스 파일</Filter>
    </None>
    <None Include="res\cursor\resize_118.cur">
      <Filter>리소스 파일</Filter>
    </None>
    <None Include="res\cursor\resize_119.cur">
      <Filter>리소스 파일</Filter>
    </None>
    <None Include="res\cursor\resize_120.cur">
      <Filter>리소스 파일</Filter>
    </None>
    <None Include="res\cursor\resize_121.cur">
      <Filter>리소스 파일</Filter>
    </None>
    <None Include="res\cursor\resize_122.cur">
      <Filter>리소스 파일</Filter>
    </None>
    <None Include="res\cursor\resize_123.cur">
      <Filter>리소스 파일</Filter>
    </None>
    <None Include="res\cursor\resize_124.cur">
      <Filter>리소스 파일</Filter>
    </None>
    <None Include="res\cursor\resize_125.cur">
      <Filter>리소스 파일</Filter>
    </None>
    <None Include="res\cursor\resize_126.cur">
      <Filter>리소스 파일</Filter>
    </None>
    <None Include="res\cursor\resize_127.cur">
      <Filter>리소스 파일</Filter>
    </None>
    <None Include="res\cursor\resize_128.cur">
      <Filter>리소스 파일</Filter>
    </None>
    <None Include="res\cursor\resize_129.cur">
      <Filter>리소스 파일</Filter>
    </None>
    <None Include="res\cursor\resize_130.cur">
      <Filter>리소스 파일</Filter>
    </None>
    <None Include="res\cursor\resize_131.cur">
      <Filter>리소스 파일</Filter>
    </None>
    <None Include="res\cursor\resize_132.cur">
      <Filter>리소스 파일</Filter>
    </None>
    <None Include="res\cursor\resize_133.cur">
      <Filter>리소스 파일</Filter>
    </None>
    <None Include="res\cursor\resize_134.cur">
      <Filter>리소스 파일</Filter>
    </None>
    <None Include="res\cursor\resize_135.cur">
      <Filter>리소스 파일</Filter>
    </None>
    <None Include="res\cursor\resize_136.cur">
      <Filter>리소스 파일</Filter>
    </None>
    <None Include="res\cursor\resize_137.cur">
      <Filter>리소스 파일</Filter>
    </None>
    <None Include="res\cursor\resize_138.cur">
      <Filter>리소스 파일</Filter>
    </None>
    <None Include="res\cursor\resize_139.cur">
      <Filter>리소스 파일</Filter>
    </None>
    <None Include="res\cursor\resize_140.cur">
      <Filter>리소스 파일</Filter>
    </None>
    <None Include="res\cursor\resize_141.cur">
      <Filter>리소스 파일</Filter>
    </None>
    <None Include="res\cursor\resize_142.cur">
      <Filter>리소스 파일</Filter>
    </None>
    <None Include="res\cursor\resize_143.cur">
      <Filter>리소스 파일</Filter>
    </None>
    <None Include="res\cursor\resize_144.cur">
      <Filter>리소스 파일</Filter>
    </None>
    <None Include="res\cursor\resize_145.cur">
      <Filter>리소스 파일</Filter>
    </None>
    <None Include="res\cursor\resize_146.cur">
      <Filter>리소스 파일</Filter>
    </None>
    <None Include="res\cursor\resize_147.cur">
      <Filter>리소스 파일</Filter>
    </None>
    <None Include="res\cursor\resize_148.cur">
      <Filter>리소스 파일</Filter>
    </None>
    <None Include="res\cursor\resize_149.cur">
      <Filter>리소스 파일</Filter>
    </None>
    <None Include="res\cursor\resize_150.cur">
      <Filter>리소스 파일</Filter>
    </None>
    <None Include="res\cursor\resize_151.cur">
      <Filter>리소스 파일</Filter>
    </None>
    <None Include="res\cursor\resize_152.cur">
      <Filter>리소스 파일</Filter>
    </None>
    <None Include="res\cursor\resize_153.cur">
      <Filter>리소스 파일</Filter>
    </None>
    <None Include="res\cursor\resize_154.cur">
      <Filter>리소스 파일</Filter>
    </None>
    <None Include="res\cursor\resize_155.cur">
      <Filter>리소스 파일</Filter>
    </None>
    <None Include="res\cursor\resize_156.cur">
      <Filter>리소스 파일</Filter>
    </None>
    <None Include="res\cursor\resize_157.cur">
      <Filter>리소스 파일</Filter>
    </None>
    <None Include="res\cursor\resize_158.cur">
      <Filter>리소스 파일</Filter>
    </None>
    <None Include="res\cursor\resize_159.cur">
      <Filter>리소스 파일</Filter>
    </None>
    <None Include="res\cursor\resize_160.cur">
      <Filter>리소스 파일</Filter>
    </None>
    <None Include="res\cursor\resize_161.cur">
      <Filter>리소스 파일</Filter>
    </None>
    <None Include="res\cursor\resize_162.cur">
      <Filter>리소스 파일</Filter>
    </None>
    <None Include="res\cursor\resize_163.cur">
      <Filter>리소스 파일</Filter>
    </None>
    <None Include="res\cursor\resize_164.cur">
      <Filter>리소스 파일</Filter>
    </None>
    <None Include="res\cursor\resize_165.cur">
      <Filter>리소스 파일</Filter>
    </None>
    <None Include="res\cursor\resize_166.cur">
      <Filter>리소스 파일</Filter>
    </None>
    <None Include="res\cursor\resize_167.cur">
      <Filter>리소스 파일</Filter>
    </None>
    <None Include="res\cursor\resize_168.cur">
      <Filter>리소스 파일</Filter>
    </None>
    <None Include="res\cursor\resize_169.cur">
      <Filter>리소스 파일</Filter>
    </None>
    <None Include="res\cursor\resize_170.cur">
      <Filter>리소스 파일</Filter>
    </None>
    <None Include="res\cursor\resize_171.cur">
      <Filter>리소스 파일</Filter>
    </None>
    <None Include="res\cursor\resize_172.cur">
      <Filter>리소스 파일</Filter>
    </None>
    <None Include="res\cursor\resize_173.cur">
      <Filter>리소스 파일</Filter>
    </None>
    <None Include="res\cursor\resize_174.cur">
      <Filter>리소스 파일</Filter>
    </None>
    <None Include="res\cursor\resize_175.cur">
      <Filter>리소스 파일</Filter>
    </None>
    <None Include="res\cursor\resize_176.cur">
      <Filter>리소스 파일</Filter>
    </None>
    <None Include="res\cursor\resize_177.cur">
      <Filter>리소스 파일</Filter>
    </None>
    <None Include="res\cursor\resize_178.cur">
      <Filter>리소스 파일</Filter>
    </None>
    <None Include="res\cursor\resize_179.cur">
      <Filter>리소스 파일</Filter>
    </None>
  </ItemGroup>
  <ItemGroup>
    <Image Include="res\TSpring.ico">
      <Filter>리소스 파일</Filter>
    </Image>
    <Image Include="res\close.bmp">
      <Filter>리소스 파일</Filter>
    </Image>
    <Image Include="res\maximize.bmp">
      <Filter>리소스 파일</Filter>
    </Image>
    <Image Include="res\minimize.bmp">
      <Filter>리소스 파일</Filter>
    </Image>
    <Image Include="res\unknown.bmp">
      <Filter>리소스 파일</Filter>
    </Image>
    <Image Include="res\unknown_red.bmp">
      <Filter>리소스 파일</Filter>
    </Image>
    <Image Include="res\focus.png">
      <Filter>리소스 파일</Filter>
    </Image>
    <Image Include="res\unknown_blue.bmp">
      <Filter>리소스 파일</Filter>
    </Image>
    <Image Include="res\cursor\resize000.png">
      <Filter>리소스 파일</Filter>
    </Image>
    <Image Include="res\TSpring.png">
      <Filter>리소스 파일</Filter>
    </Image>
    <Image Include="res\TSpring.bmp">
      <Filter>리소스 파일</Filter>
    </Image>
    <Image Include="res\TSpring_Usage.bmp">
      <Filter>리소스 파일</Filter>
    </Image>
  </ItemGroup>
</Project>